
Microsoft Visual Studio Solution File, Format Version 12.00
# Visual Studio Version 17
VisualStudioVersion = 17.0.32112.339
MinimumVisualStudioVersion = 10.0.40219.1
Project("{9A19103F-16F7-4668-BE54-9A1E7A4F7556}") = "RestaurantPickerWEB", "RestaurantPickerWEB\RestaurantPickerWEB.csproj", "{38587BAF-F5E3-431C-A782-3E5B5FB9749B}"
EndProject
Project("{9A19103F-16F7-4668-BE54-9A1E7A4F7556}") = "DataLibrary", "DataLibrary\DataLibrary.csproj", "{6DC9B59D-5DF7-4C11-B864-3535F971F903}"
EndProject
Project("{9A19103F-16F7-4668-BE54-9A1E7A4F7556}") = "MyDataModels", "MyDataModels\MyDataModels.csproj", "{6D78B648-E2BB-45C6-B469-35EA2EFE6E15}"
EndProject
Project("{9A19103F-16F7-4668-BE54-9A1E7A4F7556}") = "RestDataService", "RestDataService\RestDataService.csproj", "{80CAA518-D93D-4AA4-B065-A7C378583587}"
EndProject
Project("{9A19103F-16F7-4668-BE54-9A1E7A4F7556}") = "MyDataManagerDataOperations", "MyDataManagerDataOperations\MyDataManagerDataOperations.csproj", "{C5E77FDB-652A-4C5F-8A94-44FD09D0F75A}"
EndProject
Project("{FAE04EC0-301F-11D3-BF4B-00C04F79EFBC}") = "RestaurantPickerIntegrationTests", "RestaurantPickerIntegrationTests\RestaurantPickerIntegrationTests.csproj", "{5B366D6B-7FEC-4B0F-9956-D7E71CCC69DC}"
EndProject
Global
	GlobalSection(SolutionConfigurationPlatforms) = preSolution
		Debug|Any CPU = Debug|Any CPU
		Release|Any CPU = Release|Any CPU
	EndGlobalSection
	GlobalSection(ProjectConfigurationPlatforms) = postSolution
		{38587BAF-F5E3-431C-A782-3E5B5FB9749B}.Debug|Any CPU.ActiveCfg = Debug|Any CPU
		{38587BAF-F5E3-431C-A782-3E5B5FB9749B}.Debug|Any CPU.Build.0 = Debug|Any CPU
		{38587BAF-F5E3-431C-A782-3E5B5FB9749B}.Release|Any CPU.ActiveCfg = Release|Any CPU
		{38587BAF-F5E3-431C-A782-3E5B5FB9749B}.Release|Any CPU.Build.0 = Release|Any CPU
		{6DC9B59D-5DF7-4C11-B864-3535F971F903}.Debug|Any CPU.ActiveCfg = Debug|Any CPU
		{6DC9B59D-5DF7-4C11-B864-3535F971F903}.Debug|Any CPU.Build.0 = Debug|Any CPU
		{6DC9B59D-5DF7-4C11-B864-3535F971F903}.Release|Any CPU.ActiveCfg = Release|Any CPU
		{6DC9B59D-5DF7-4C11-B864-3535F971F903}.Release|Any CPU.Build.0 = Release|Any CPU
		{6D78B648-E2BB-45C6-B469-35EA2EFE6E15}.Debug|Any CPU.ActiveCfg = Debug|Any CPU
		{6D78B648-E2BB-45C6-B469-35EA2EFE6E15}.Debug|Any CPU.Build.0 = Debug|Any CPU
		{6D78B648-E2BB-45C6-B469-35EA2EFE6E15}.Release|Any CPU.ActiveCfg = Release|Any CPU
		{6D78B648-E2BB-45C6-B469-35EA2EFE6E15}.Release|Any CPU.Build.0 = Release|Any CPU
		{80CAA518-D93D-4AA4-B065-A7C378583587}.Debug|Any CPU.ActiveCfg = Debug|Any CPU
		{80CAA518-D93D-4AA4-B065-A7C378583587}.Debug|Any CPU.Build.0 = Debug|Any CPU
		{80CAA518-D93D-4AA4-B065-A7C378583587}.Release|Any CPU.ActiveCfg = Release|Any CPU
		{80CAA518-D93D-4AA4-B065-A7C378583587}.Release|Any CPU.Build.0 = Release|Any CPU
		{C5E77FDB-652A-4C5F-8A94-44FD09D0F75A}.Debug|Any CPU.ActiveCfg = Debug|Any CPU
		{C5E77FDB-652A-4C5F-8A94-44FD09D0F75A}.Debug|Any CPU.Build.0 = Debug|Any CPU
		{C5E77FDB-652A-4C5F-8A94-44FD09D0F75A}.Release|Any CPU.ActiveCfg = Release|Any CPU
		{C5E77FDB-652A-4C5F-8A94-44FD09D0F75A}.Release|Any CPU.Build.0 = Release|Any CPU
		{5B366D6B-7FEC-4B0F-9956-D7E71CCC69DC}.Debug|Any CPU.ActiveCfg = Debug|Any CPU
		{5B366D6B-7FEC-4B0F-9956-D7E71CCC69DC}.Debug|Any CPU.Build.0 = Debug|Any CPU
		{5B366D6B-7FEC-4B0F-9956-D7E71CCC69DC}.Release|Any CPU.ActiveCfg = Release|Any CPU
		{5B366D6B-7FEC-4B0F-9956-D7E71CCC69DC}.Release|Any CPU.Build.0 = Release|Any CPU
	EndGlobalSection
	GlobalSection(SolutionProperties) = preSolution
		HideSolutionNode = FALSE
	EndGlobalSection
	GlobalSection(ExtensibilityGlobals) = postSolution
		SolutionGuid = {1D66A278-AB17-4B18-A9E7-7F211063FF6A}
	EndGlobalSection
EndGlobal
